
Microsoft Visual Studio Solution File, Format Version 12.00
# Visual Studio Version 17
VisualStudioVersion = 17.11.35312.102
MinimumVisualStudioVersion = 10.0.40219.1
Project("{FAE04EC0-301F-11D3-BF4B-00C04F79EFBC}") = "ControlInventario", "ControlInventario.csproj", "{0B96D3FC-B71B-42C3-93E6-D303D72B2934}"
EndProject
Global
	GlobalSection(SolutionConfigurationPlatforms) = preSolution
		Debug|Any CPU = Debug|Any CPU
		Release|Any CPU = Release|Any CPU
	EndGlobalSection
	GlobalSection(ProjectConfigurationPlatforms) = postSolution
		{0B96D3FC-B71B-42C3-93E6-D303D72B2934}.Debug|Any CPU.ActiveCfg = Debug|Any CPU
		{0B96D3FC-B71B-42C3-93E6-D303D72B2934}.Debug|Any CPU.Build.0 = Debug|Any CPU
		{0B96D3FC-B71B-42C3-93E6-D303D72B2934}.Release|Any CPU.ActiveCfg = Release|Any CPU
		{0B96D3FC-B71B-42C3-93E6-D303D72B2934}.Release|Any CPU.Build.0 = Release|Any CPU
	EndGlobalSection
	GlobalSection(SolutionProperties) = preSolution
		HideSolutionNode = FALSE
	EndGlobalSection
	GlobalSection(ExtensibilityGlobals) = postSolution
		SolutionGuid = {C358C7FC-ECBF-47CC-9711-B6C679FD2463}
	EndGlobalSection
EndGlobal
